<?xml version="1.0" encoding="utf-8"?>
<Project ToolsVersion="4.0" xmlns="http://schemas.microsoft.com/developer/msbuild/2003">
  <ItemGroup>
    <Filter Include="Header Files">
      <UniqueIdentifier>{93995380-89BD-4b04-88EB-625FBE52EBFB}</UniqueIdentifier>
      <Extensions>h;hh;hpp;hxx;hm;inl;inc;xsd</Extensions>
    </Filter>
    <Filter Include="Resource Files">
      <UniqueIdentifier>{67DA6AB6-F800-4c08-8B7A-83BB121AAD01}</UniqueIdentifier>
      <Extensions>rc;ico;cur;bmp;dlg;rc2;rct;bin;rgs;gif;jpg;jpeg;jpe;resx;tiff;tif;png;wav;mfcribbon-ms</Extensions>
    </Filter>
    <Filter Include="Resource Files\Source Files">
      <UniqueIdentifier>{4FC737F1-C7A5-4376-A066-2A32D752A2FF}</UniqueIdentifier>
      <Extensions>cpp;c;cc;cxx;def;odl;idl;hpj;bat;asm;asmx</Extensions>
    </Filter>
  </ItemGroup>
  <ItemGroup>
    <ClCompile Include="扫雷2.0.cpp">
      <Filter>Resource Files\Source Files</Filter>
    </ClCompile>
  </ItemGroup>
  <ItemGroup>
    <Image Include="..\..\..\素材\3.jpg">
      <Filter>Resource Files</Filter>
    </Image>
    <Image Include="..\..\..\素材\4.jpg">
      <Filter>Resource Files</Filter>
    </Image>
    <Image Include="..\..\..\素材\5.jpg">
      <Filter>Resource Files</Filter>
    </Image>
    <Image Include="..\..\..\素材\6.jpg">
      <Filter>Resource Files</Filter>
    </Image>
    <Image Include="..\..\..\素材\7.jpg">
      <Filter>Resource Files</Filter>
    </Image>
    <Image Include="..\..\..\素材\8.jpg">
      <Filter>Resource Files</Filter>
    </Image>
    <Image Include="..\..\..\素材\9.jpg">
      <Filter>Resource Files</Filter>
    </Image>
    <Image Include="..\..\..\素材\10.jpg">
      <Filter>Resource Files</Filter>
    </Image>
    <Image Include="..\..\..\素材\11.jpg">
      <Filter>Resource Files</Filter>
    </Image>
    <Image Include="..\..\..\素材\GameOver.jpg">
      <Filter>Resource Files</Filter>
    </Image>
    <Image Include="..\..\..\素材\win.jpg">
      <Filter>Resource Files</Filter>
    </Image>
    <Image Include="..\..\..\素材\0.jpg">
      <Filter>Resource Files</Filter>
    </Image>
    <Image Include="..\..\..\素材\1.jpg">
      <Filter>Resource Files</Filter>
    </Image>
    <Image Include="..\..\..\素材\2.jpg">
      <Filter>Resource Files</Filter>
    </Image>
  </ItemGroup>
  <ItemGroup>
    <ClInclude Include="position.h">
      <Filter>Header Files</Filter>
    </ClInclude>
  </ItemGroup>
</Project>